
Microsoft Visual Studio Solution File, Format Version 12.00
# Visual Studio Version 17
VisualStudioVersion = 17.5.002.0
MinimumVisualStudioVersion = 10.0.40219.1
Project("{2150E333-8FDC-42A3-9474-1A3956D46DE8}") = "src", "src", "{C899EFB9-A6A1-44C2-B91C-2934A4999F8E}"
EndProject
Project("{9A19103F-16F7-4668-BE54-9A1E7A4F7556}") = "UmbracoProject", "src\Bubber\UmbracoProject.csproj", "{9472E2F9-9BBD-41DE-BA70-F984DFB1C563}"
EndProject
Global
	GlobalSection(SolutionConfigurationPlatforms) = preSolution
		Debug|Any CPU = Debug|Any CPU
		Release|Any CPU = Release|Any CPU
	EndGlobalSection
	GlobalSection(ProjectConfigurationPlatforms) = postSolution
		{9472E2F9-9BBD-41DE-BA70-F984DFB1C563}.Debug|Any CPU.ActiveCfg = Debug|Any CPU
		{9472E2F9-9BBD-41DE-BA70-F984DFB1C563}.Debug|Any CPU.Build.0 = Debug|Any CPU
		{9472E2F9-9BBD-41DE-BA70-F984DFB1C563}.Release|Any CPU.ActiveCfg = Release|Any CPU
		{9472E2F9-9BBD-41DE-BA70-F984DFB1C563}.Release|Any CPU.Build.0 = Release|Any CPU
	EndGlobalSection
	GlobalSection(SolutionProperties) = preSolution
		HideSolutionNode = FALSE
	EndGlobalSection
	GlobalSection(NestedProjects) = preSolution
		{9472E2F9-9BBD-41DE-BA70-F984DFB1C563} = {C899EFB9-A6A1-44C2-B91C-2934A4999F8E}
	EndGlobalSection
	GlobalSection(ExtensibilityGlobals) = postSolution
		SolutionGuid = {78270A94-E645-4904-9561-B54474560D07}
	EndGlobalSection
EndGlobal
